
Microsoft Visual Studio Solution File, Format Version 12.00
# Visual Studio Version 17
VisualStudioVersion = 17.11.35303.130
MinimumVisualStudioVersion = 10.0.40219.1
Project("{8BC9CEB8-8B4A-11D0-8D11-00A0C91BC942}") = "App311", "App311\App311.vcxproj", "{82285365-D34E-4262-A8C6-FB5635598AF9}"
EndProject
Project("{8BC9CEB8-8B4A-11D0-8D11-00A0C91BC942}") = "App321", "App321\App321.vcxproj", "{AAEA5A90-9C3C-42B3-BFC2-28BF7A58EA88}"
EndProject
Project("{8BC9CEB8-8B4A-11D0-8D11-00A0C91BC942}") = "App331", "App331\App331.vcxproj", "{F3A61238-FC63-4354-8EDE-0A4131708B60}"
EndProject
Project("{8BC9CEB8-8B4A-11D0-8D11-00A0C91BC942}") = "App341", "App341\App341.vcxproj", "{FD25FFD1-B8AE-4E4A-8FBE-2F4EC1329B63}"
EndProject
Project("{8BC9CEB8-8B4A-11D0-8D11-00A0C91BC942}") = "App351", "App351\App351.vcxproj", "{DDAA9AB4-E1F5-44A0-9F10-6E69581DD38E}"
EndProject
Project("{8BC9CEB8-8B4A-11D0-8D11-00A0C91BC942}") = "App352", "App352\App352.vcxproj", "{4952874F-53B2-4998-AB6E-0CC61A21D305}"
EndProject
Project("{8BC9CEB8-8B4A-11D0-8D11-00A0C91BC942}") = "App353", "App353\App353.vcxproj", "{1D1D13EA-E733-4200-8AF3-B59FB5081BFA}"
EndProject
Project("{8BC9CEB8-8B4A-11D0-8D11-00A0C91BC942}") = "App411", "App411\App411.vcxproj", "{AE7A6EB9-5B33-41BF-BEF5-9DBAA0AB1DA8}"
EndProject
Project("{8BC9CEB8-8B4A-11D0-8D11-00A0C91BC942}") = "App412", "App412\App412.vcxproj", "{3CF518AA-A9DE-44A8-8DE7-09AA31B4A622}"
EndProject
Project("{8BC9CEB8-8B4A-11D0-8D11-00A0C91BC942}") = "App421", "App421\App421.vcxproj", "{912A0078-C457-4BC9-BCAB-0D5FF9D43F9E}"
EndProject
Project("{8BC9CEB8-8B4A-11D0-8D11-00A0C91BC942}") = "App422", "App422\App422.vcxproj", "{C7661855-E466-4F01-8EE2-143E29DE42A3}"
EndProject
Project("{8BC9CEB8-8B4A-11D0-8D11-00A0C91BC942}") = "App423", "App423\App423.vcxproj", "{00068832-549F-400E-BE0A-3FEF962E09BD}"
EndProject
Project("{8BC9CEB8-8B4A-11D0-8D11-00A0C91BC942}") = "App431", "App431\App431.vcxproj", "{35F7F0D8-95BA-400C-9C65-591A6B33426B}"
EndProject
Project("{8BC9CEB8-8B4A-11D0-8D11-00A0C91BC942}") = "App432", "App432\App432.vcxproj", "{A0AF322B-C224-4129-9B52-761A2F57C3AC}"
EndProject
Project("{8BC9CEB8-8B4A-11D0-8D11-00A0C91BC942}") = "App441", "App441\App441.vcxproj", "{69B447DE-6336-41F3-97CD-A62192824119}"
EndProject
Project("{8BC9CEB8-8B4A-11D0-8D11-00A0C91BC942}") = "App521", "App521\App521.vcxproj", "{2665C829-4DDF-4759-88BF-8E80E774A9F8}"
EndProject
Project("{8BC9CEB8-8B4A-11D0-8D11-00A0C91BC942}") = "App522", "App522\App522.vcxproj", "{2F2BC27A-E972-498A-91D7-C185767EBF3B}"
EndProject
Project("{8BC9CEB8-8B4A-11D0-8D11-00A0C91BC942}") = "App531", "App531\App531.vcxproj", "{36F1D4E9-AC0C-43CE-B7F1-B8C1C729AB05}"
EndProject
Project("{8BC9CEB8-8B4A-11D0-8D11-00A0C91BC942}") = "App541", "App541\App541.vcxproj", "{BF4E5635-6FF1-4C40-9631-730323028920}"
EndProject
Project("{8BC9CEB8-8B4A-11D0-8D11-00A0C91BC942}") = "App553", "App553\App553.vcxproj", "{B8414829-5D05-4FAF-9535-5157051C6A12}"
EndProject
Project("{8BC9CEB8-8B4A-11D0-8D11-00A0C91BC942}") = "App554", "App554\App554.vcxproj", "{5AF8AC60-5737-4C91-899A-52D8D0DC678C}"
EndProject
Project("{8BC9CEB8-8B4A-11D0-8D11-00A0C91BC942}") = "App611", "App611\App611.vcxproj", "{CB14B3CA-F999-42EE-A0AE-99BAE15F3CA5}"
EndProject
Project("{8BC9CEB8-8B4A-11D0-8D11-00A0C91BC942}") = "App612", "App612\App612.vcxproj", "{F37C7A2F-0098-4341-AF69-87C768DB510E}"
EndProject
Project("{8BC9CEB8-8B4A-11D0-8D11-00A0C91BC942}") = "App613", "App613\App613.vcxproj", "{B73A9437-8224-4569-AEA6-D36276D5850B}"
EndProject
Project("{8BC9CEB8-8B4A-11D0-8D11-00A0C91BC942}") = "App614", "App614\App614.vcxproj", "{E737FE53-1EEA-47E7-BFFB-F0C4A39F2641}"
EndProject
Global
	GlobalSection(SolutionConfigurationPlatforms) = preSolution
		Debug|x64 = Debug|x64
		Debug|x86 = Debug|x86
		Release|x64 = Release|x64
		Release|x86 = Release|x86
	EndGlobalSection
	GlobalSection(ProjectConfigurationPlatforms) = postSolution
		{82285365-D34E-4262-A8C6-FB5635598AF9}.Debug|x64.ActiveCfg = Debug|x64
		{82285365-D34E-4262-A8C6-FB5635598AF9}.Debug|x64.Build.0 = Debug|x64
		{82285365-D34E-4262-A8C6-FB5635598AF9}.Debug|x86.ActiveCfg = Debug|Win32
		{82285365-D34E-4262-A8C6-FB5635598AF9}.Debug|x86.Build.0 = Debug|Win32
		{82285365-D34E-4262-A8C6-FB5635598AF9}.Release|x64.ActiveCfg = Release|x64
		{82285365-D34E-4262-A8C6-FB5635598AF9}.Release|x64.Build.0 = Release|x64
		{82285365-D34E-4262-A8C6-FB5635598AF9}.Release|x86.ActiveCfg = Release|Win32
		{82285365-D34E-4262-A8C6-FB5635598AF9}.Release|x86.Build.0 = Release|Win32
		{AAEA5A90-9C3C-42B3-BFC2-28BF7A58EA88}.Debug|x64.ActiveCfg = Debug|x64
		{AAEA5A90-9C3C-42B3-BFC2-28BF7A58EA88}.Debug|x64.Build.0 = Debug|x64
		{AAEA5A90-9C3C-42B3-BFC2-28BF7A58EA88}.Debug|x86.ActiveCfg = Debug|Win32
		{AAEA5A90-9C3C-42B3-BFC2-28BF7A58EA88}.Debug|x86.Build.0 = Debug|Win32
		{AAEA5A90-9C3C-42B3-BFC2-28BF7A58EA88}.Release|x64.ActiveCfg = Release|x64
		{AAEA5A90-9C3C-42B3-BFC2-28BF7A58EA88}.Release|x64.Build.0 = Release|x64
		{AAEA5A90-9C3C-42B3-BFC2-28BF7A58EA88}.Release|x86.ActiveCfg = Release|Win32
		{AAEA5A90-9C3C-42B3-BFC2-28BF7A58EA88}.Release|x86.Build.0 = Release|Win32
		{F3A61238-FC63-4354-8EDE-0A4131708B60}.Debug|x64.ActiveCfg = Debug|x64
		{F3A61238-FC63-4354-8EDE-0A4131708B60}.Debug|x64.Build.0 = Debug|x64
		{F3A61238-FC63-4354-8EDE-0A4131708B60}.Debug|x86.ActiveCfg = Debug|Win32
		{F3A61238-FC63-4354-8EDE-0A4131708B60}.Debug|x86.Build.0 = Debug|Win32
		{F3A61238-FC63-4354-8EDE-0A4131708B60}.Release|x64.ActiveCfg = Release|x64
		{F3A61238-FC63-4354-8EDE-0A4131708B60}.Release|x64.Build.0 = Release|x64
		{F3A61238-FC63-4354-8EDE-0A4131708B60}.Release|x86.ActiveCfg = Release|Win32
		{F3A61238-FC63-4354-8EDE-0A4131708B60}.Release|x86.Build.0 = Release|Win32
		{FD25FFD1-B8AE-4E4A-8FBE-2F4EC1329B63}.Debug|x64.ActiveCfg = Debug|x64
		{FD25FFD1-B8AE-4E4A-8FBE-2F4EC1329B63}.Debug|x64.Build.0 = Debug|x64
		{FD25FFD1-B8AE-4E4A-8FBE-2F4EC1329B63}.Debug|x86.ActiveCfg = Debug|Win32
		{FD25FFD1-B8AE-4E4A-8FBE-2F4EC1329B63}.Debug|x86.Build.0 = Debug|Win32
		{FD25FFD1-B8AE-4E4A-8FBE-2F4EC1329B63}.Release|x64.ActiveCfg = Release|x64
		{FD25FFD1-B8AE-4E4A-8FBE-2F4EC1329B63}.Release|x64.Build.0 = Release|x64
		{FD25FFD1-B8AE-4E4A-8FBE-2F4EC1329B63}.Release|x86.ActiveCfg = Release|Win32
		{FD25FFD1-B8AE-4E4A-8FBE-2F4EC1329B63}.Release|x86.Build.0 = Release|Win32
		{DDAA9AB4-E1F5-44A0-9F10-6E69581DD38E}.Debug|x64.ActiveCfg = Debug|x64
		{DDAA9AB4-E1F5-44A0-9F10-6E69581DD38E}.Debug|x64.Build.0 = Debug|x64
		{DDAA9AB4-E1F5-44A0-9F10-6E69581DD38E}.Debug|x86.ActiveCfg = Debug|Win32
		{DDAA9AB4-E1F5-44A0-9F10-6E69581DD38E}.Debug|x86.Build.0 = Debug|Win32
		{DDAA9AB4-E1F5-44A0-9F10-6E69581DD38E}.Release|x64.ActiveCfg = Release|x64
		{DDAA9AB4-E1F5-44A0-9F10-6E69581DD38E}.Release|x64.Build.0 = Release|x64
		{DDAA9AB4-E1F5-44A0-9F10-6E69581DD38E}.Release|x86.ActiveCfg = Release|Win32
		{DDAA9AB4-E1F5-44A0-9F10-6E69581DD38E}.Release|x86.Build.0 = Release|Win32
		{4952874F-53B2-4998-AB6E-0CC61A21D305}.Debug|x64.ActiveCfg = Debug|x64
		{4952874F-53B2-4998-AB6E-0CC61A21D305}.Debug|x64.Build.0 = Debug|x64
		{4952874F-53B2-4998-AB6E-0CC61A21D305}.Debug|x86.ActiveCfg = Debug|Win32
		{4952874F-53B2-4998-AB6E-0CC61A21D305}.Debug|x86.Build.0 = Debug|Win32
		{4952874F-53B2-4998-AB6E-0CC61A21D305}.Release|x64.ActiveCfg = Release|x64
		{4952874F-53B2-4998-AB6E-0CC61A21D305}.Release|x64.Build.0 = Release|x64
		{4952874F-53B2-4998-AB6E-0CC61A21D305}.Release|x86.ActiveCfg = Release|Win32
		{4952874F-53B2-4998-AB6E-0CC61A21D305}.Release|x86.Build.0 = Release|Win32
		{1D1D13EA-E733-4200-8AF3-B59FB5081BFA}.Debug|x64.ActiveCfg = Debug|x64
		{1D1D13EA-E733-4200-8AF3-B59FB5081BFA}.Debug|x64.Build.0 = Debug|x64
		{1D1D13EA-E733-4200-8AF3-B59FB5081BFA}.Debug|x86.ActiveCfg = Debug|Win32
		{1D1D13EA-E733-4200-8AF3-B59FB5081BFA}.Debug|x86.Build.0 = Debug|Win32
		{1D1D13EA-E733-4200-8AF3-B59FB5081BFA}.Release|x64.ActiveCfg = Release|x64
		{1D1D13EA-E733-4200-8AF3-B59FB5081BFA}.Release|x64.Build.0 = Release|x64
		{1D1D13EA-E733-4200-8AF3-B59FB5081BFA}.Release|x86.ActiveCfg = Release|Win32
		{1D1D13EA-E733-4200-8AF3-B59FB5081BFA}.Release|x86.Build.0 = Release|Win32
		{AE7A6EB9-5B33-41BF-BEF5-9DBAA0AB1DA8}.Debug|x64.ActiveCfg = Debug|x64
		{AE7A6EB9-5B33-41BF-BEF5-9DBAA0AB1DA8}.Debug|x64.Build.0 = Debug|x64
		{AE7A6EB9-5B33-41BF-BEF5-9DBAA0AB1DA8}.Debug|x86.ActiveCfg = Debug|Win32
		{AE7A6EB9-5B33-41BF-BEF5-9DBAA0AB1DA8}.Debug|x86.Build.0 = Debug|Win32
		{AE7A6EB9-5B33-41BF-BEF5-9DBAA0AB1DA8}.Release|x64.ActiveCfg = Release|x64
		{AE7A6EB9-5B33-41BF-BEF5-9DBAA0AB1DA8}.Release|x64.Build.0 = Release|x64
		{AE7A6EB9-5B33-41BF-BEF5-9DBAA0AB1DA8}.Release|x86.ActiveCfg = Release|Win32
		{AE7A6EB9-5B33-41BF-BEF5-9DBAA0AB1DA8}.Release|x86.Build.0 = Release|Win32
		{3CF518AA-A9DE-44A8-8DE7-09AA31B4A622}.Debug|x64.ActiveCfg = Debug|x64
		{3CF518AA-A9DE-44A8-8DE7-09AA31B4A622}.Debug|x64.Build.0 = Debug|x64
		{3CF518AA-A9DE-44A8-8DE7-09AA31B4A622}.Debug|x86.ActiveCfg = Debug|Win32
		{3CF518AA-A9DE-44A8-8DE7-09AA31B4A622}.Debug|x86.Build.0 = Debug|Win32
		{3CF518AA-A9DE-44A8-8DE7-09AA31B4A622}.Release|x64.ActiveCfg = Release|x64
		{3CF518AA-A9DE-44A8-8DE7-09AA31B4A622}.Release|x64.Build.0 = Release|x64
		{3CF518AA-A9DE-44A8-8DE7-09AA31B4A622}.Release|x86.ActiveCfg = Release|Win32
		{3CF518AA-A9DE-44A8-8DE7-09AA31B4A622}.Release|x86.Build.0 = Release|Win32
		{912A0078-C457-4BC9-BCAB-0D5FF9D43F9E}.Debug|x64.ActiveCfg = Debug|x64
		{912A0078-C457-4BC9-BCAB-0D5FF9D43F9E}.Debug|x64.Build.0 = Debug|x64
		{912A0078-C457-4BC9-BCAB-0D5FF9D43F9E}.Debug|x86.ActiveCfg = Debug|Win32
		{912A0078-C457-4BC9-BCAB-0D5FF9D43F9E}.Debug|x86.Build.0 = Debug|Win32
		{912A0078-C457-4BC9-BCAB-0D5FF9D43F9E}.Release|x64.ActiveCfg = Release|x64
		{912A0078-C457-4BC9-BCAB-0D5FF9D43F9E}.Release|x64.Build.0 = Release|x64
		{912A0078-C457-4BC9-BCAB-0D5FF9D43F9E}.Release|x86.ActiveCfg = Release|Win32
		{912A0078-C457-4BC9-BCAB-0D5FF9D43F9E}.Release|x86.Build.0 = Release|Win32
		{C7661855-E466-4F01-8EE2-143E29DE42A3}.Debug|x64.ActiveCfg = Debug|x64
		{C7661855-E466-4F01-8EE2-143E29DE42A3}.Debug|x64.Build.0 = Debug|x64
		{C7661855-E466-4F01-8EE2-143E29DE42A3}.Debug|x86.ActiveCfg = Debug|Win32
		{C7661855-E466-4F01-8EE2-143E29DE42A3}.Debug|x86.Build.0 = Debug|Win32
		{C7661855-E466-4F01-8EE2-143E29DE42A3}.Release|x64.ActiveCfg = Release|x64
		{C7661855-E466-4F01-8EE2-143E29DE42A3}.Release|x64.Build.0 = Release|x64
		{C7661855-E466-4F01-8EE2-143E29DE42A3}.Release|x86.ActiveCfg = Release|Win32
		{C7661855-E466-4F01-8EE2-143E29DE42A3}.Release|x86.Build.0 = Release|Win32
		{00068832-549F-400E-BE0A-3FEF962E09BD}.Debug|x64.ActiveCfg = Debug|x64
		{00068832-549F-400E-BE0A-3FEF962E09BD}.Debug|x64.Build.0 = Debug|x64
		{00068832-549F-400E-BE0A-3FEF962E09BD}.Debug|x86.ActiveCfg = Debug|Win32
		{00068832-549F-400E-BE0A-3FEF962E09BD}.Debug|x86.Build.0 = Debug|Win32
		{00068832-549F-400E-BE0A-3FEF962E09BD}.Release|x64.ActiveCfg = Release|x64
		{00068832-549F-400E-BE0A-3FEF962E09BD}.Release|x64.Build.0 = Release|x64
		{00068832-549F-400E-BE0A-3FEF962E09BD}.Release|x86.ActiveCfg = Release|Win32
		{00068832-549F-400E-BE0A-3FEF962E09BD}.Release|x86.Build.0 = Release|Win32
		{35F7F0D8-95BA-400C-9C65-591A6B33426B}.Debug|x64.ActiveCfg = Debug|x64
		{35F7F0D8-95BA-400C-9C65-591A6B33426B}.Debug|x64.Build.0 = Debug|x64
		{35F7F0D8-95BA-400C-9C65-591A6B33426B}.Debug|x86.ActiveCfg = Debug|Win32
		{35F7F0D8-95BA-400C-9C65-591A6B33426B}.Debug|x86.Build.0 = Debug|Win32
		{35F7F0D8-95BA-400C-9C65-591A6B33426B}.Release|x64.ActiveCfg = Release|x64
		{35F7F0D8-95BA-400C-9C65-591A6B33426B}.Release|x64.Build.0 = Release|x64
		{35F7F0D8-95BA-400C-9C65-591A6B33426B}.Release|x86.ActiveCfg = Release|Win32
		{35F7F0D8-95BA-400C-9C65-591A6B33426B}.Release|x86.Build.0 = Release|Win32
		{A0AF322B-C224-4129-9B52-761A2F57C3AC}.Debug|x64.ActiveCfg = Debug|x64
		{A0AF322B-C224-4129-9B52-761A2F57C3AC}.Debug|x64.Build.0 = Debug|x64
		{A0AF322B-C224-4129-9B52-761A2F57C3AC}.Debug|x86.ActiveCfg = Debug|Win32
		{A0AF322B-C224-4129-9B52-761A2F57C3AC}.Debug|x86.Build.0 = Debug|Win32
		{A0AF322B-C224-4129-9B52-761A2F57C3AC}.Release|x64.ActiveCfg = Release|x64
		{A0AF322B-C224-4129-9B52-761A2F57C3AC}.Release|x64.Build.0 = Release|x64
		{A0AF322B-C224-4129-9B52-761A2F57C3AC}.Release|x86.ActiveCfg = Release|Win32
		{A0AF322B-C224-4129-9B52-761A2F57C3AC}.Release|x86.Build.0 = Release|Win32
		{69B447DE-6336-41F3-97CD-A62192824119}.Debug|x64.ActiveCfg = Debug|x64
		{69B447DE-6336-41F3-97CD-A62192824119}.Debug|x64.Build.0 = Debug|x64
		{69B447DE-6336-41F3-97CD-A62192824119}.Debug|x86.ActiveCfg = Debug|Win32
		{69B447DE-6336-41F3-97CD-A62192824119}.Debug|x86.Build.0 = Debug|Win32
		{69B447DE-6336-41F3-97CD-A62192824119}.Release|x64.ActiveCfg = Release|x64
		{69B447DE-6336-41F3-97CD-A62192824119}.Release|x64.Build.0 = Release|x64
		{69B447DE-6336-41F3-97CD-A62192824119}.Release|x86.ActiveCfg = Release|Win32
		{69B447DE-6336-41F3-97CD-A62192824119}.Release|x86.Build.0 = Release|Win32
		{2665C829-4DDF-4759-88BF-8E80E774A9F8}.Debug|x64.ActiveCfg = Debug|x64
		{2665C829-4DDF-4759-88BF-8E80E774A9F8}.Debug|x64.Build.0 = Debug|x64
		{2665C829-4DDF-4759-88BF-8E80E774A9F8}.Debug|x86.ActiveCfg = Debug|Win32
		{2665C829-4DDF-4759-88BF-8E80E774A9F8}.Debug|x86.Build.0 = Debug|Win32
		{2665C829-4DDF-4759-88BF-8E80E774A9F8}.Release|x64.ActiveCfg = Release|x64
		{2665C829-4DDF-4759-88BF-8E80E774A9F8}.Release|x64.Build.0 = Release|x64
		{2665C829-4DDF-4759-88BF-8E80E774A9F8}.Release|x86.ActiveCfg = Release|Win32
		{2665C829-4DDF-4759-88BF-8E80E774A9F8}.Release|x86.Build.0 = Release|Win32
		{2F2BC27A-E972-498A-91D7-C185767EBF3B}.Debug|x64.ActiveCfg = Debug|x64
		{2F2BC27A-E972-498A-91D7-C185767EBF3B}.Debug|x64.Build.0 = Debug|x64
		{2F2BC27A-E972-498A-91D7-C185767EBF3B}.Debug|x86.ActiveCfg = Debug|Win32
		{2F2BC27A-E972-498A-91D7-C185767EBF3B}.Debug|x86.Build.0 = Debug|Win32
		{2F2BC27A-E972-498A-91D7-C185767EBF3B}.Release|x64.ActiveCfg = Release|x64
		{2F2BC27A-E972-498A-91D7-C185767EBF3B}.Release|x64.Build.0 = Release|x64
		{2F2BC27A-E972-498A-91D7-C185767EBF3B}.Release|x86.ActiveCfg = Release|Win32
		{2F2BC27A-E972-498A-91D7-C185767EBF3B}.Release|x86.Build.0 = Release|Win32
		{36F1D4E9-AC0C-43CE-B7F1-B8C1C729AB05}.Debug|x64.ActiveCfg = Debug|x64
		{36F1D4E9-AC0C-43CE-B7F1-B8C1C729AB05}.Debug|x64.Build.0 = Debug|x64
		{36F1D4E9-AC0C-43CE-B7F1-B8C1C729AB05}.Debug|x86.ActiveCfg = Debug|Win32
		{36F1D4E9-AC0C-43CE-B7F1-B8C1C729AB05}.Debug|x86.Build.0 = Debug|Win32
		{36F1D4E9-AC0C-43CE-B7F1-B8C1C729AB05}.Release|x64.ActiveCfg = Release|x64
		{36F1D4E9-AC0C-43CE-B7F1-B8C1C729AB05}.Release|x64.Build.0 = Release|x64
		{36F1D4E9-AC0C-43CE-B7F1-B8C1C729AB05}.Release|x86.ActiveCfg = Release|Win32
		{36F1D4E9-AC0C-43CE-B7F1-B8C1C729AB05}.Release|x86.Build.0 = Release|Win32
		{BF4E5635-6FF1-4C40-9631-730323028920}.Debug|x64.ActiveCfg = Debug|x64
		{BF4E5635-6FF1-4C40-9631-730323028920}.Debug|x64.Build.0 = Debug|x64
		{BF4E5635-6FF1-4C40-9631-730323028920}.Debug|x86.ActiveCfg = Debug|Win32
		{BF4E5635-6FF1-4C40-9631-730323028920}.Debug|x86.Build.0 = Debug|Win32
		{BF4E5635-6FF1-4C40-9631-730323028920}.Release|x64.ActiveCfg = Release|x64
		{BF4E5635-6FF1-4C40-9631-730323028920}.Release|x64.Build.0 = Release|x64
		{BF4E5635-6FF1-4C40-9631-730323028920}.Release|x86.ActiveCfg = Release|Win32
		{BF4E5635-6FF1-4C40-9631-730323028920}.Release|x86.Build.0 = Release|Win32
		{B8414829-5D05-4FAF-9535-5157051C6A12}.Debug|x64.ActiveCfg = Debug|x64
		{B8414829-5D05-4FAF-9535-5157051C6A12}.Debug|x64.Build.0 = Debug|x64
		{B8414829-5D05-4FAF-9535-5157051C6A12}.Debug|x86.ActiveCfg = Debug|Win32
		{B8414829-5D05-4FAF-9535-5157051C6A12}.Debug|x86.Build.0 = Debug|Win32
		{B8414829-5D05-4FAF-9535-5157051C6A12}.Release|x64.ActiveCfg = Release|x64
		{B8414829-5D05-4FAF-9535-5157051C6A12}.Release|x64.Build.0 = Release|x64
		{B8414829-5D05-4FAF-9535-5157051C6A12}.Release|x86.ActiveCfg = Release|Win32
		{B8414829-5D05-4FAF-9535-5157051C6A12}.Release|x86.Build.0 = Release|Win32
		{5AF8AC60-5737-4C91-899A-52D8D0DC678C}.Debug|x64.ActiveCfg = Debug|x64
		{5AF8AC60-5737-4C91-899A-52D8D0DC678C}.Debug|x64.Build.0 = Debug|x64
		{5AF8AC60-5737-4C91-899A-52D8D0DC678C}.Debug|x86.ActiveCfg = Debug|Win32
		{5AF8AC60-5737-4C91-899A-52D8D0DC678C}.Debug|x86.Build.0 = Debug|Win32
		{5AF8AC60-5737-4C91-899A-52D8D0DC678C}.Release|x64.ActiveCfg = Release|x64
		{5AF8AC60-5737-4C91-899A-52D8D0DC678C}.Release|x64.Build.0 = Release|x64
		{5AF8AC60-5737-4C91-899A-52D8D0DC678C}.Release|x86.ActiveCfg = Release|Win32
		{5AF8AC60-5737-4C91-899A-52D8D0DC678C}.Release|x86.Build.0 = Release|Win32
		{CB14B3CA-F999-42EE-A0AE-99BAE15F3CA5}.Debug|x64.ActiveCfg = Debug|x64
		{CB14B3CA-F999-42EE-A0AE-99BAE15F3CA5}.Debug|x64.Build.0 = Debug|x64
		{CB14B3CA-F999-42EE-A0AE-99BAE15F3CA5}.Debug|x86.ActiveCfg = Debug|Win32
		{CB14B3CA-F999-42EE-A0AE-99BAE15F3CA5}.Debug|x86.Build.0 = Debug|Win32
		{CB14B3CA-F999-42EE-A0AE-99BAE15F3CA5}.Release|x64.ActiveCfg = Release|x64
		{CB14B3CA-F999-42EE-A0AE-99BAE15F3CA5}.Release|x64.Build.0 = Release|x64
		{CB14B3CA-F999-42EE-A0AE-99BAE15F3CA5}.Release|x86.ActiveCfg = Release|Win32
		{CB14B3CA-F999-42EE-A0AE-99BAE15F3CA5}.Release|x86.Build.0 = Release|Win32
		{F37C7A2F-0098-4341-AF69-87C768DB510E}.Debug|x64.ActiveCfg = Debug|x64
		{F37C7A2F-0098-4341-AF69-87C768DB510E}.Debug|x64.Build.0 = Debug|x64
		{F37C7A2F-0098-4341-AF69-87C768DB510E}.Debug|x86.ActiveCfg = Debug|Win32
		{F37C7A2F-0098-4341-AF69-87C768DB510E}.Debug|x86.Build.0 = Debug|Win32
		{F37C7A2F-0098-4341-AF69-87C768DB510E}.Release|x64.ActiveCfg = Release|x64
		{F37C7A2F-0098-4341-AF69-87C768DB510E}.Release|x64.Build.0 = Release|x64
		{F37C7A2F-0098-4341-AF69-87C768DB510E}.Release|x86.ActiveCfg = Release|Win32
		{F37C7A2F-0098-4341-AF69-87C768DB510E}.Release|x86.Build.0 = Release|Win32
		{B73A9437-8224-4569-AEA6-D36276D5850B}.Debug|x64.ActiveCfg = Debug|x64
		{B73A9437-8224-4569-AEA6-D36276D5850B}.Debug|x64.Build.0 = Debug|x64
		{B73A9437-8224-4569-AEA6-D36276D5850B}.Debug|x86.ActiveCfg = Debug|Win32
		{B73A9437-8224-4569-AEA6-D36276D5850B}.Debug|x86.Build.0 = Debug|Win32
		{B73A9437-8224-4569-AEA6-D36276D5850B}.Release|x64.ActiveCfg = Release|x64
		{B73A9437-8224-4569-AEA6-D36276D5850B}.Release|x64.Build.0 = Release|x64
		{B73A9437-8224-4569-AEA6-D36276D5850B}.Release|x86.ActiveCfg = Release|Win32
		{B73A9437-8224-4569-AEA6-D36276D5850B}.Release|x86.Build.0 = Release|Win32
		{E737FE53-1EEA-47E7-BFFB-F0C4A39F2641}.Debug|x64.ActiveCfg = Debug|x64
		{E737FE53-1EEA-47E7-BFFB-F0C4A39F2641}.Debug|x64.Build.0 = Debug|x64
		{E737FE53-1EEA-47E7-BFFB-F0C4A39F2641}.Debug|x86.ActiveCfg = Debug|Win32
		{E737FE53-1EEA-47E7-BFFB-F0C4A39F2641}.Debug|x86.Build.0 = Debug|Win32
		{E737FE53-1EEA-47E7-BFFB-F0C4A39F2641}.Release|x64.ActiveCfg = Release|x64
		{E737FE53-1EEA-47E7-BFFB-F0C4A39F2641}.Release|x64.Build.0 = Release|x64
		{E737FE53-1EEA-47E7-BFFB-F0C4A39F2641}.Release|x86.ActiveCfg = Release|Win32
		{E737FE53-1EEA-47E7-BFFB-F0C4A39F2641}.Release|x86.Build.0 = Release|Win32
	EndGlobalSection
	GlobalSection(SolutionProperties) = preSolution
		HideSolutionNode = FALSE
	EndGlobalSection
	GlobalSection(ExtensibilityGlobals) = postSolution
		SolutionGuid = {B5529BF8-EE3C-4AD8-8EEC-5F8167E520CC}
	EndGlobalSection
EndGlobal
